
Microsoft Visual Studio Solution File, Format Version 12.00
# Visual Studio Version 17
VisualStudioVersion = 17.4.33403.182
MinimumVisualStudioVersion = 10.0.40219.1
Project("{FAE04EC0-301F-11D3-BF4B-00C04F79EFBC}") = "RazorCountry", "RazorCountry\RazorCountry.csproj", "{CE30A9A2-E9AC-4915-9B17-5E9BFF8EF5A0}"
EndProject
Global
	GlobalSection(SolutionConfigurationPlatforms) = preSolution
		Debug|Any CPU = Debug|Any CPU
		Release|Any CPU = Release|Any CPU
	EndGlobalSection
	GlobalSection(ProjectConfigurationPlatforms) = postSolution
		{CE30A9A2-E9AC-4915-9B17-5E9BFF8EF5A0}.Debug|Any CPU.ActiveCfg = Debug|Any CPU
		{CE30A9A2-E9AC-4915-9B17-5E9BFF8EF5A0}.Debug|Any CPU.Build.0 = Debug|Any CPU
		{CE30A9A2-E9AC-4915-9B17-5E9BFF8EF5A0}.Release|Any CPU.ActiveCfg = Release|Any CPU
		{CE30A9A2-E9AC-4915-9B17-5E9BFF8EF5A0}.Release|Any CPU.Build.0 = Release|Any CPU
	EndGlobalSection
	GlobalSection(SolutionProperties) = preSolution
		HideSolutionNode = FALSE
	EndGlobalSection
	GlobalSection(ExtensibilityGlobals) = postSolution
		SolutionGuid = {A4A3F38F-E23E-4E93-941E-37809575D838}
	EndGlobalSection
EndGlobal
